
Microsoft Visual Studio Solution File, Format Version 12.00
# Visual Studio 15
VisualStudioVersion = 15.0.28307.168
MinimumVisualStudioVersion = 10.0.40219.1
Project("{FAE04EC0-301F-11D3-BF4B-00C04F79EFBC}") = "Algorithm_self_study", "Algorithm_self_study\Algorithm_self_study.csproj", "{B1D92DF4-BF34-49B6-BFE3-E393813F85B5}"
EndProject
Global
	GlobalSection(SolutionConfigurationPlatforms) = preSolution
		Debug|Any CPU = Debug|Any CPU
		Release|Any CPU = Release|Any CPU
	EndGlobalSection
	GlobalSection(ProjectConfigurationPlatforms) = postSolution
		{B1D92DF4-BF34-49B6-BFE3-E393813F85B5}.Debug|Any CPU.ActiveCfg = Debug|Any CPU
		{B1D92DF4-BF34-49B6-BFE3-E393813F85B5}.Debug|Any CPU.Build.0 = Debug|Any CPU
		{B1D92DF4-BF34-49B6-BFE3-E393813F85B5}.Release|Any CPU.ActiveCfg = Release|Any CPU
		{B1D92DF4-BF34-49B6-BFE3-E393813F85B5}.Release|Any CPU.Build.0 = Release|Any CPU
	EndGlobalSection
	GlobalSection(SolutionProperties) = preSolution
		HideSolutionNode = FALSE
	EndGlobalSection
	GlobalSection(ExtensibilityGlobals) = postSolution
		SolutionGuid = {6F6E364D-C781-430C-9901-BBDA0D247AEE}
	EndGlobalSection
EndGlobal
